
Microsoft Visual Studio Solution File, Format Version 12.00
# Visual Studio Version 17
VisualStudioVersion = 17.4.33122.133
MinimumVisualStudioVersion = 10.0.40219.1
Project("{FAE04EC0-301F-11D3-BF4B-00C04F79EFBC}") = "Perfect_Numbers", "Perfect_Numbers\Perfect_Numbers.csproj", "{E744E90C-3D37-42FC-9ACC-9C97FB2EC533}"
EndProject
Global
	GlobalSection(SolutionConfigurationPlatforms) = preSolution
		Debug|Any CPU = Debug|Any CPU
		Release|Any CPU = Release|Any CPU
	EndGlobalSection
	GlobalSection(ProjectConfigurationPlatforms) = postSolution
		{E744E90C-3D37-42FC-9ACC-9C97FB2EC533}.Debug|Any CPU.ActiveCfg = Debug|Any CPU
		{E744E90C-3D37-42FC-9ACC-9C97FB2EC533}.Debug|Any CPU.Build.0 = Debug|Any CPU
		{E744E90C-3D37-42FC-9ACC-9C97FB2EC533}.Release|Any CPU.ActiveCfg = Release|Any CPU
		{E744E90C-3D37-42FC-9ACC-9C97FB2EC533}.Release|Any CPU.Build.0 = Release|Any CPU
	EndGlobalSection
	GlobalSection(SolutionProperties) = preSolution
		HideSolutionNode = FALSE
	EndGlobalSection
	GlobalSection(ExtensibilityGlobals) = postSolution
		SolutionGuid = {12897ED1-CFBD-47A3-B95D-EE8813F39614}
	EndGlobalSection
EndGlobal
